{
  "name": "animacao",
  "version": "1.0.0",
  "lockfileVersion": 3,
  "requires": true,
  "packages": {
    "": {
      "name": "animacao",
      "version": "1.0.0",
      "license": "ISC",
      "dependencies": {
        "@fontsource/dm-sans": "^5.1.0",
        "@fontsource/outfit": "^5.1.0"
      }
    },
    "node_modules/@fontsource/dm-sans": {
      "version": "5.1.0",
      "resolved": "https://registry.npmjs.org/@fontsource/dm-sans/-/dm-sans-5.1.0.tgz",
      "integrity": "sha512-YpGtZ8Rbh+/84rn7o/rzBBFnikoLjhjtzKYAMZhSRr7xWU0piZDBFhUdI14M4Ub8emh0TSG/gU2pJOMUe9TGYA==",
      "license": "OFL-1.1"
    },
    "node_modules/@fontsource/outfit": {
      "version": "5.1.0",
      "resolved": "https://registry.npmjs.org/@fontsource/outfit/-/outfit-5.1.0.tgz",
      "integrity": "sha512-mGFW0Ds7wEqBAWWdefnhpmqtA/Efmp+uHIQCD1OnZDhHBwglxbvMSc0gi0LOGkW0T/vXw0wfy1DI4QGCLq7Uqg==",
      "license": "OFL-1.1"
    }
  }
}
